
Microsoft Visual Studio Solution File, Format Version 12.00
# Visual Studio Version 17
VisualStudioVersion = 17.6.33829.357
MinimumVisualStudioVersion = 10.0.40219.1
Project("{FAE04EC0-301F-11D3-BF4B-00C04F79EFBC}") = "GenerativeNFT", "GenerativeNFT.csproj", "{A3C30535-0AB2-4C23-B24E-C38B2E2E66AD}"
EndProject
Global
	GlobalSection(SolutionConfigurationPlatforms) = preSolution
		Debug|Any CPU = Debug|Any CPU
		Release|Any CPU = Release|Any CPU
	EndGlobalSection
	GlobalSection(ProjectConfigurationPlatforms) = postSolution
		{A3C30535-0AB2-4C23-B24E-C38B2E2E66AD}.Debug|Any CPU.ActiveCfg = Debug|Any CPU
		{A3C30535-0AB2-4C23-B24E-C38B2E2E66AD}.Debug|Any CPU.Build.0 = Debug|Any CPU
		{A3C30535-0AB2-4C23-B24E-C38B2E2E66AD}.Release|Any CPU.ActiveCfg = Release|Any CPU
		{A3C30535-0AB2-4C23-B24E-C38B2E2E66AD}.Release|Any CPU.Build.0 = Release|Any CPU
	EndGlobalSection
	GlobalSection(SolutionProperties) = preSolution
		HideSolutionNode = FALSE
	EndGlobalSection
	GlobalSection(ExtensibilityGlobals) = postSolution
		SolutionGuid = {C4BDBA54-2EAE-4851-8BC4-6F929166593E}
	EndGlobalSection
EndGlobal
